
Microsoft Visual Studio Solution File, Format Version 12.00
# Visual Studio Version 16
VisualStudioVersion = 16.0.32802.440
MinimumVisualStudioVersion = 10.0.40219.1
Project("{8BC9CEB8-8B4A-11D0-8D11-00A0C91BC942}") = "8", "8.vcxproj", "{3270749F-0506-452C-ADA6-120B2B4B61F6}"
EndProject
Global
	GlobalSection(SolutionConfigurationPlatforms) = preSolution
		Debug|x64 = Debug|x64
		Debug|x86 = Debug|x86
		Release|x64 = Release|x64
		Release|x86 = Release|x86
	EndGlobalSection
	GlobalSection(ProjectConfigurationPlatforms) = postSolution
		{3270749F-0506-452C-ADA6-120B2B4B61F6}.Debug|x64.ActiveCfg = Debug|x64
		{3270749F-0506-452C-ADA6-120B2B4B61F6}.Debug|x64.Build.0 = Debug|x64
		{3270749F-0506-452C-ADA6-120B2B4B61F6}.Debug|x86.ActiveCfg = Debug|Win32
		{3270749F-0506-452C-ADA6-120B2B4B61F6}.Debug|x86.Build.0 = Debug|Win32
		{3270749F-0506-452C-ADA6-120B2B4B61F6}.Release|x64.ActiveCfg = Release|x64
		{3270749F-0506-452C-ADA6-120B2B4B61F6}.Release|x64.Build.0 = Release|x64
		{3270749F-0506-452C-ADA6-120B2B4B61F6}.Release|x86.ActiveCfg = Release|Win32
		{3270749F-0506-452C-ADA6-120B2B4B61F6}.Release|x86.Build.0 = Release|Win32
	EndGlobalSection
	GlobalSection(SolutionProperties) = preSolution
		HideSolutionNode = FALSE
	EndGlobalSection
	GlobalSection(ExtensibilityGlobals) = postSolution
		SolutionGuid = {D0CDED36-7FD8-414B-9A49-C95D83F72C1F}
	EndGlobalSection
EndGlobal
