
Microsoft Visual Studio Solution File, Format Version 12.00
# Visual Studio Version 16
VisualStudioVersion = 16.0.32802.440
MinimumVisualStudioVersion = 10.0.40219.1
Project("{8BC9CEB8-8B4A-11D0-8D11-00A0C91BC942}") = "debugged", "debugged.vcxproj", "{00A9C926-F588-4B97-AF6E-015252E2B7D6}"
EndProject
Global
	GlobalSection(SolutionConfigurationPlatforms) = preSolution
		Debug|x64 = Debug|x64
		Debug|x86 = Debug|x86
		Release|x64 = Release|x64
		Release|x86 = Release|x86
	EndGlobalSection
	GlobalSection(ProjectConfigurationPlatforms) = postSolution
		{00A9C926-F588-4B97-AF6E-015252E2B7D6}.Debug|x64.ActiveCfg = Debug|x64
		{00A9C926-F588-4B97-AF6E-015252E2B7D6}.Debug|x64.Build.0 = Debug|x64
		{00A9C926-F588-4B97-AF6E-015252E2B7D6}.Debug|x86.ActiveCfg = Debug|Win32
		{00A9C926-F588-4B97-AF6E-015252E2B7D6}.Debug|x86.Build.0 = Debug|Win32
		{00A9C926-F588-4B97-AF6E-015252E2B7D6}.Release|x64.ActiveCfg = Release|x64
		{00A9C926-F588-4B97-AF6E-015252E2B7D6}.Release|x64.Build.0 = Release|x64
		{00A9C926-F588-4B97-AF6E-015252E2B7D6}.Release|x86.ActiveCfg = Release|Win32
		{00A9C926-F588-4B97-AF6E-015252E2B7D6}.Release|x86.Build.0 = Release|Win32
	EndGlobalSection
	GlobalSection(SolutionProperties) = preSolution
		HideSolutionNode = FALSE
	EndGlobalSection
	GlobalSection(ExtensibilityGlobals) = postSolution
		SolutionGuid = {A09D04B9-A746-4CDC-AD96-F54050C6F1D5}
	EndGlobalSection
EndGlobal
