
Microsoft Visual Studio Solution File, Format Version 12.00
# Visual Studio Version 16
VisualStudioVersion = 16.0.32802.440
MinimumVisualStudioVersion = 10.0.40219.1
Project("{8BC9CEB8-8B4A-11D0-8D11-00A0C91BC942}") = "to_binary", "to_binary.vcxproj", "{136CC1DF-041C-4FEA-BE74-85856633238C}"
EndProject
Global
	GlobalSection(SolutionConfigurationPlatforms) = preSolution
		Debug|x64 = Debug|x64
		Debug|x86 = Debug|x86
		Release|x64 = Release|x64
		Release|x86 = Release|x86
	EndGlobalSection
	GlobalSection(ProjectConfigurationPlatforms) = postSolution
		{136CC1DF-041C-4FEA-BE74-85856633238C}.Debug|x64.ActiveCfg = Debug|x64
		{136CC1DF-041C-4FEA-BE74-85856633238C}.Debug|x64.Build.0 = Debug|x64
		{136CC1DF-041C-4FEA-BE74-85856633238C}.Debug|x86.ActiveCfg = Debug|Win32
		{136CC1DF-041C-4FEA-BE74-85856633238C}.Debug|x86.Build.0 = Debug|Win32
		{136CC1DF-041C-4FEA-BE74-85856633238C}.Release|x64.ActiveCfg = Release|x64
		{136CC1DF-041C-4FEA-BE74-85856633238C}.Release|x64.Build.0 = Release|x64
		{136CC1DF-041C-4FEA-BE74-85856633238C}.Release|x86.ActiveCfg = Release|Win32
		{136CC1DF-041C-4FEA-BE74-85856633238C}.Release|x86.Build.0 = Release|Win32
	EndGlobalSection
	GlobalSection(SolutionProperties) = preSolution
		HideSolutionNode = FALSE
	EndGlobalSection
	GlobalSection(ExtensibilityGlobals) = postSolution
		SolutionGuid = {D73D0AFD-9D72-4A81-9444-D17A11B40BC3}
	EndGlobalSection
EndGlobal
