
Microsoft Visual Studio Solution File, Format Version 12.00
# Visual Studio Version 16
VisualStudioVersion = 16.0.32802.440
MinimumVisualStudioVersion = 10.0.40219.1
Project("{8BC9CEB8-8B4A-11D0-8D11-00A0C91BC942}") = "modulo", "modulo.vcxproj", "{566BAAD1-1649-4EEB-8004-B4972E8FF705}"
EndProject
Global
	GlobalSection(SolutionConfigurationPlatforms) = preSolution
		Debug|x64 = Debug|x64
		Debug|x86 = Debug|x86
		Release|x64 = Release|x64
		Release|x86 = Release|x86
	EndGlobalSection
	GlobalSection(ProjectConfigurationPlatforms) = postSolution
		{566BAAD1-1649-4EEB-8004-B4972E8FF705}.Debug|x64.ActiveCfg = Debug|x64
		{566BAAD1-1649-4EEB-8004-B4972E8FF705}.Debug|x64.Build.0 = Debug|x64
		{566BAAD1-1649-4EEB-8004-B4972E8FF705}.Debug|x86.ActiveCfg = Debug|Win32
		{566BAAD1-1649-4EEB-8004-B4972E8FF705}.Debug|x86.Build.0 = Debug|Win32
		{566BAAD1-1649-4EEB-8004-B4972E8FF705}.Release|x64.ActiveCfg = Release|x64
		{566BAAD1-1649-4EEB-8004-B4972E8FF705}.Release|x64.Build.0 = Release|x64
		{566BAAD1-1649-4EEB-8004-B4972E8FF705}.Release|x86.ActiveCfg = Release|Win32
		{566BAAD1-1649-4EEB-8004-B4972E8FF705}.Release|x86.Build.0 = Release|Win32
	EndGlobalSection
	GlobalSection(SolutionProperties) = preSolution
		HideSolutionNode = FALSE
	EndGlobalSection
	GlobalSection(ExtensibilityGlobals) = postSolution
		SolutionGuid = {8A2EAA6E-CE4B-4ED7-AEC8-54D47E9CE831}
	EndGlobalSection
EndGlobal
